Microsoft Visual Studio Solution File, Format Version 12.00
# Visual Studio 2012
Project("{FAE04EC0-301F-11D3-BF4B-00C04F79EFBC}") = "Dung 3d", "Dung 3d.csproj", "{2230CE62-7C01-40A6-B675-E4066826F8EB}"
EndProject
Global
	GlobalSection(SolutionConfigurationPlatforms) = preSolution
	Debug|Any CPU = Debug|Any CPU
	ExportDebug|Any CPU = ExportDebug|Any CPU
	ExportRelease|Any CPU = ExportRelease|Any CPU
	EndGlobalSection
	GlobalSection(ProjectConfigurationPlatforms) = postSolution
		{2230CE62-7C01-40A6-B675-E4066826F8EB}.Debug|Any CPU.ActiveCfg = Debug|Any CPU
		{2230CE62-7C01-40A6-B675-E4066826F8EB}.Debug|Any CPU.Build.0 = Debug|Any CPU
		{2230CE62-7C01-40A6-B675-E4066826F8EB}.ExportDebug|Any CPU.ActiveCfg = ExportDebug|Any CPU
		{2230CE62-7C01-40A6-B675-E4066826F8EB}.ExportDebug|Any CPU.Build.0 = ExportDebug|Any CPU
		{2230CE62-7C01-40A6-B675-E4066826F8EB}.ExportRelease|Any CPU.ActiveCfg = ExportRelease|Any CPU
		{2230CE62-7C01-40A6-B675-E4066826F8EB}.ExportRelease|Any CPU.Build.0 = ExportRelease|Any CPU
	EndGlobalSection
EndGlobal
